{
  "name": "myFinPlannerProject",
  "lockfileVersion": 3,
  "requires": true,
  "packages": {
    "": {
      "dependencies": {
        "lucide": "^0.483.0"
      }
    },
    "node_modules/lucide": {
      "version": "0.483.0",
      "resolved": "https://registry.npmjs.org/lucide/-/lucide-0.483.0.tgz",
      "integrity": "sha512-qccwC6H5QACYO6MMKnMJ5vg7ecGiWSrpgHrQFOdp/n+AnhndQjq0vTBsMX2KfXeMLSLbeFDa+6QtVhx3kS3RlQ==",
      "license": "ISC"
    }
  }
}
